// !$*UTF8*$!
{
	archiveVersion = 1;
	classes = {
	};
	objectVersion = 51;
	objects = {

/* Begin PBXBuildFile section */
		2B5E94F80AD17118AED38635 /* Pods_DemoFbLoginTests.framework in Frameworks */ = {isa = PBXBuildFile; fileRef = C04B179B5171A495F6D66D90 /* Pods_DemoFbLoginTests.framework */; };
		6B5613BF78A7E12549C4FA42 /* Pods_DemoFbLogin_DemoFbLoginUITests.framework in Frameworks */ = {isa = PBXBuildFile; fileRef = 022B5653CCBC07E005A23FA5 /* Pods_DemoFbLogin_DemoFbLoginUITests.framework */; };
		AC08E7FB688604EE058CFDDA /* Pods_DemoFbLogin.framework in Frameworks */ = {isa = PBXBuildFile; fileRef = CE7B7F5B92276100B3CE9DBE /* Pods_DemoFbLogin.framework */; };
		DF06AF1C23DF2BF100889140 /* ScanVC.swift in Sources */ = {isa = PBXBuildFile; fileRef = DF06AF1B23DF2BF100889140 /* ScanVC.swift */; };
		DF2E3F9B23E19E500058E2C2 /* RatingControl.swift in Sources */ = {isa = PBXBuildFile; fileRef = DF2E3F9A23E19E500058E2C2 /* RatingControl.swift */; };
		DF80637123F440B200ECFA7B /* MapViewController.swift in Sources */ = {isa = PBXBuildFile; fileRef = DF80637023F440B200ECFA7B /* MapViewController.swift */; };
		DF910F4323F592F400144E73 /* RtTblCell.swift in Sources */ = {isa = PBXBuildFile; fileRef = DF910F4123F592F400144E73 /* RtTblCell.swift */; };
		DF910F4423F592F400144E73 /* RtTblCell.xib in Resources */ = {isa = PBXBuildFile; fileRef = DF910F4223F592F400144E73 /* RtTblCell.xib */; };
		DFAF1AE523D9BCE000CFB984 /* AppDelegate.swift in Sources */ = {isa = PBXBuildFile; fileRef = DFAF1AE423D9BCE000CFB984 /* AppDelegate.swift */; };
		DFAF1AE723D9BCE000CFB984 /* SceneDelegate.swift in Sources */ = {isa = PBXBuildFile; fileRef = DFAF1AE623D9BCE000CFB984 /* SceneDelegate.swift */; };
		DFAF1AE923D9BCE000CFB984 /* ViewController.swift in Sources */ = {isa = PBXBuildFile; fileRef = DFAF1AE823D9BCE000CFB984 /* ViewController.swift */; };
		DFAF1AEC23D9BCE000CFB984 /* Main.storyboard in Resources */ = {isa = PBXBuildFile; fileRef = DFAF1AEA23D9BCE000CFB984 /* Main.storyboard */; };
		DFAF1AEE23D9BCE100CFB984 /* Assets.xcassets in Resources */ = {isa = PBXBuildFile; fileRef = DFAF1AED23D9BCE100CFB984 /* Assets.xcassets */; };
		DFAF1AF123D9BCE100CFB984 /* LaunchScreen.storyboard in Resources */ = {isa = PBXBuildFile; fileRef = DFAF1AEF23D9BCE100CFB984 /* LaunchScreen.storyboard */; };
		DFAF1AFC23D9BCE100CFB984 /* DemoFbLoginTests.swift in Sources */ = {isa = PBXBuildFile; fileRef = DFAF1AFB23D9BCE100CFB984 /* DemoFbLoginTests.swift */; };
		DFAF1B0723D9BCE100CFB984 /* DemoFbLoginUITests.swift in Sources */ = {isa = PBXBuildFile; fileRef = DFAF1B0623D9BCE100CFB984 /* DemoFbLoginUITests.swift */; };
		DFF60A8A23FFEFAA00B477DE /* CropViewController.swift in Sources */ = {isa = PBXBuildFile; fileRef = DFF60A8823FFEFAA00B477DE /* CropViewController.swift */; };
		DFF60AC323FFFB4F00B477DE /* TOCropViewControllerLocalizable.strings in Resources */ = {isa = PBXBuildFile; fileRef = DFF60A9123FFFB4E00B477DE /* TOCropViewControllerLocalizable.strings */; };
		DFF60AC423FFFB4F00B477DE /* TOActivityCroppedImageProvider.m in Sources */ = {isa = PBXBuildFile; fileRef = DFF60AAD23FFFB4E00B477DE /* TOActivityCroppedImageProvider.m */; };
		DFF60AC523FFFB4F00B477DE /* TOCropViewControllerTransitioning.m in Sources */ = {isa = PBXBuildFile; fileRef = DFF60AAE23FFFB4E00B477DE /* TOCropViewControllerTransitioning.m */; };
		DFF60AC623FFFB4F00B477DE /* TOCroppedImageAttributes.m in Sources */ = {isa = PBXBuildFile; fileRef = DFF60AAF23FFFB4E00B477DE /* TOCroppedImageAttributes.m */; };
		DFF60AC723FFFB4F00B477DE /* TOCropViewController.m in Sources */ = {isa = PBXBuildFile; fileRef = DFF60AB323FFFB4E00B477DE /* TOCropViewController.m */; };
		DFF60AC923FFFB4F00B477DE /* TOCropScrollView.m in Sources */ = {isa = PBXBuildFile; fileRef = DFF60ABA23FFFB4E00B477DE /* TOCropScrollView.m */; };
		DFF60ACA23FFFB4F00B477DE /* TOCropView.m in Sources */ = {isa = PBXBuildFile; fileRef = DFF60ABB23FFFB4E00B477DE /* TOCropView.m */; };
		DFF60ACB23FFFB4F00B477DE /* TOCropOverlayView.m in Sources */ = {isa = PBXBuildFile; fileRef = DFF60ABC23FFFB4E00B477DE /* TOCropOverlayView.m */; };
		DFF60ACC23FFFB4F00B477DE /* TOCropToolbar.m in Sources */ = {isa = PBXBuildFile; fileRef = DFF60ABD23FFFB4E00B477DE /* TOCropToolbar.m */; };
		DFF60ACD23FFFB4F00B477DE /* UIImage+CropRotate.m in Sources */ = {isa = PBXBuildFile; fileRef = DFF60AC023FFFB4E00B477DE /* UIImage+CropRotate.m */; };
/* End PBXBuildFile section */

/* Begin PBXContainerItemProxy section */
		DFAF1AF823D9BCE100CFB984 /* PBXContainerItemProxy */ = {
			isa = PBXContainerItemProxy;
			containerPortal = DFAF1AD923D9BCE000CFB984 /* Project object */;
			proxyType = 1;
			remoteGlobalIDString = DFAF1AE023D9BCE000CFB984;
			remoteInfo = DemoFbLogin;
		};
		DFAF1B0323D9BCE100CFB984 /* PBXContainerItemProxy */ = {
			isa = PBXContainerItemProxy;
			containerPortal = DFAF1AD923D9BCE000CFB984 /* Project object */;
			proxyType = 1;
			remoteGlobalIDString = DFAF1AE023D9BCE000CFB984;
			remoteInfo = DemoFbLogin;
		};
/* End PBXContainerItemProxy section */

/* Begin PBXFileReference section */
		022B5653CCBC07E005A23FA5 /* Pods_DemoFbLogin_DemoFbLoginUITests.framework */ = {isa = PBXFileReference; explicitFileType = wrapper.framework; includeInIndex = 0; path = Pods_DemoFbLogin_DemoFbLoginUITests.framework; sourceTree = BUILT_PRODUCTS_DIR; };
		1CF70E003991A89080D3C86D /* Pods-DemoFbLoginTests.debug.xcconfig */ = {isa = PBXFileReference; includeInIndex = 1; lastKnownFileType = text.xcconfig; name = "Pods-DemoFbLoginTests.debug.xcconfig"; path = "Target Support Files/Pods-DemoFbLoginTests/Pods-DemoFbLoginTests.debug.xcconfig"; sourceTree = "<group>"; };
		2D8E1508FBC4E9708084B43C /* Pods-DemoFbLogin-DemoFbLoginUITests.release.xcconfig */ = {isa = PBXFileReference; includeInIndex = 1; lastKnownFileType = text.xcconfig; name = "Pods-DemoFbLogin-DemoFbLoginUITests.release.xcconfig"; path = "Target Support Files/Pods-DemoFbLogin-DemoFbLoginUITests/Pods-DemoFbLogin-DemoFbLoginUITests.release.xcconfig"; sourceTree = "<group>"; };
		47EF2BA1BEFDAC2E19525399 /* Pods-DemoFbLogin.debug.xcconfig */ = {isa = PBXFileReference; includeInIndex = 1; lastKnownFileType = text.xcconfig; name = "Pods-DemoFbLogin.debug.xcconfig"; path = "Target Support Files/Pods-DemoFbLogin/Pods-DemoFbLogin.debug.xcconfig"; sourceTree = "<group>"; };
		B6B68DAD137AD873EA894F1F /* Pods-DemoFbLoginTests.release.xcconfig */ = {isa = PBXFileReference; includeInIndex = 1; lastKnownFileType = text.xcconfig; name = "Pods-DemoFbLoginTests.release.xcconfig"; path = "Target Support Files/Pods-DemoFbLoginTests/Pods-DemoFbLoginTests.release.xcconfig"; sourceTree = "<group>"; };
		C04B179B5171A495F6D66D90 /* Pods_DemoFbLoginTests.framework */ = {isa = PBXFileReference; explicitFileType = wrapper.framework; includeInIndex = 0; path = Pods_DemoFbLoginTests.framework; sourceTree = BUILT_PRODUCTS_DIR; };
		CE7B7F5B92276100B3CE9DBE /* Pods_DemoFbLogin.framework */ = {isa = PBXFileReference; explicitFileType = wrapper.framework; includeInIndex = 0; path = Pods_DemoFbLogin.framework; sourceTree = BUILT_PRODUCTS_DIR; };
		DED39D4F92C269099E4CD357 /* Pods-DemoFbLogin-DemoFbLoginUITests.debug.xcconfig */ = {isa = PBXFileReference; includeInIndex = 1; lastKnownFileType = text.xcconfig; name = "Pods-DemoFbLogin-DemoFbLoginUITests.debug.xcconfig"; path = "Target Support Files/Pods-DemoFbLogin-DemoFbLoginUITests/Pods-DemoFbLogin-DemoFbLoginUITests.debug.xcconfig"; sourceTree = "<group>"; };
		DF06AF1B23DF2BF100889140 /* ScanVC.swift */ = {isa = PBXFileReference; lastKnownFileType = sourcecode.swift; path = ScanVC.swift; sourceTree = "<group>"; };
		DF2E3F9A23E19E500058E2C2 /* RatingControl.swift */ = {isa = PBXFileReference; fileEncoding = 4; lastKnownFileType = sourcecode.swift; path = RatingControl.swift; sourceTree = "<group>"; };
		DF80637023F440B200ECFA7B /* MapViewController.swift */ = {isa = PBXFileReference; lastKnownFileType = sourcecode.swift; path = MapViewController.swift; sourceTree = "<group>"; };
		DF910F4123F592F400144E73 /* RtTblCell.swift */ = {isa = PBXFileReference; lastKnownFileType = sourcecode.swift; path = RtTblCell.swift; sourceTree = "<group>"; };
		DF910F4223F592F400144E73 /* RtTblCell.xib */ = {isa = PBXFileReference; lastKnownFileType = file.xib; path = RtTblCell.xib; sourceTree = "<group>"; };
		DFAF1AE123D9BCE000CFB984 /* DemoFbLogin.app */ = {isa = PBXFileReference; explicitFileType = wrapper.application; includeInIndex = 0; path = DemoFbLogin.app; sourceTree = BUILT_PRODUCTS_DIR; };
		DFAF1AE423D9BCE000CFB984 /* AppDelegate.swift */ = {isa = PBXFileReference; lastKnownFileType = sourcecode.swift; path = AppDelegate.swift; sourceTree = "<group>"; };
		DFAF1AE623D9BCE000CFB984 /* SceneDelegate.swift */ = {isa = PBXFileReference; lastKnownFileType = sourcecode.swift; path = SceneDelegate.swift; sourceTree = "<group>"; };
		DFAF1AE823D9BCE000CFB984 /* ViewController.swift */ = {isa = PBXFileReference; lastKnownFileType = sourcecode.swift; path = ViewController.swift; sourceTree = "<group>"; };
		DFAF1AEB23D9BCE000CFB984 /* Base */ = {isa = PBXFileReference; lastKnownFileType = file.storyboard; name = Base; path = Base.lproj/Main.storyboard; sourceTree = "<group>"; };
		DFAF1AED23D9BCE100CFB984 /* Assets.xcassets */ = {isa = PBXFileReference; lastKnownFileType = folder.assetcatalog; path = Assets.xcassets; sourceTree = "<group>"; };
		DFAF1AF023D9BCE100CFB984 /* Base */ = {isa = PBXFileReference; lastKnownFileType = file.storyboard; name = Base; path = Base.lproj/LaunchScreen.storyboard; sourceTree = "<group>"; };
		DFAF1AF223D9BCE100CFB984 /* Info.plist */ = {isa = PBXFileReference; lastKnownFileType = text.plist.xml; path = Info.plist; sourceTree = "<group>"; };
		DFAF1AF723D9BCE100CFB984 /* DemoFbLoginTests.xctest */ = {isa = PBXFileReference; explicitFileType = wrapper.cfbundle; includeInIndex = 0; path = DemoFbLoginTests.xctest; sourceTree = BUILT_PRODUCTS_DIR; };
		DFAF1AFB23D9BCE100CFB984 /* DemoFbLoginTests.swift */ = {isa = PBXFileReference; lastKnownFileType = sourcecode.swift; path = DemoFbLoginTests.swift; sourceTree = "<group>"; };
		DFAF1AFD23D9BCE100CFB984 /* Info.plist */ = {isa = PBXFileReference; lastKnownFileType = text.plist.xml; path = Info.plist; sourceTree = "<group>"; };
		DFAF1B0223D9BCE100CFB984 /* DemoFbLoginUITests.xctest */ = {isa = PBXFileReference; explicitFileType = wrapper.cfbundle; includeInIndex = 0; path = DemoFbLoginUITests.xctest; sourceTree = BUILT_PRODUCTS_DIR; };
		DFAF1B0623D9BCE100CFB984 /* DemoFbLoginUITests.swift */ = {isa = PBXFileReference; lastKnownFileType = sourcecode.swift; path = DemoFbLoginUITests.swift; sourceTree = "<group>"; };
		DFAF1B0823D9BCE100CFB984 /* Info.plist */ = {isa = PBXFileReference; lastKnownFileType = text.plist.xml; path = Info.plist; sourceTree = "<group>"; };
		DFF60A8723FFEFAA00B477DE /* CropViewController.h */ = {isa = PBXFileReference; fileEncoding = 4; lastKnownFileType = sourcecode.c.h; path = CropViewController.h; sourceTree = "<group>"; };
		DFF60A8823FFEFAA00B477DE /* CropViewController.swift */ = {isa = PBXFileReference; fileEncoding = 4; lastKnownFileType = sourcecode.swift; path = CropViewController.swift; sourceTree = "<group>"; };
		DFF60A8923FFEFAA00B477DE /* Info.plist */ = {isa = PBXFileReference; fileEncoding = 4; lastKnownFileType = text.plist.xml; path = Info.plist; sourceTree = "<group>"; };
		DFF60A8C23FFF73100B477DE /* DemoFbLogin-Bridging-Header.h */ = {isa = PBXFileReference; lastKnownFileType = sourcecode.c.h; path = "DemoFbLogin-Bridging-Header.h"; sourceTree = "<group>"; };
		DFF60A8F23FFFB4E00B477DE /* TOCropViewConstants.h */ = {isa = PBXFileReference; fileEncoding = 4; lastKnownFileType = sourcecode.c.h; path = TOCropViewConstants.h; sourceTree = "<group>"; };
		DFF60A9223FFFB4E00B477DE /* de */ = {isa = PBXFileReference; lastKnownFileType = text.plist.strings; name = de; path = de.lproj/TOCropViewControllerLocalizable.strings; sourceTree = "<group>"; };
		DFF60A9323FFFB4E00B477DE /* ar */ = {isa = PBXFileReference; lastKnownFileType = text.plist.strings; name = ar; path = ar.lproj/TOCropViewControllerLocalizable.strings; sourceTree = "<group>"; };
		DFF60A9423FFFB4E00B477DE /* zh-Hans */ = {isa = PBXFileReference; lastKnownFileType = text.plist.strings; name = "zh-Hans"; path = "zh-Hans.lproj/TOCropViewControllerLocalizable.strings"; sourceTree = "<group>"; };
		DFF60A9523FFFB4E00B477DE /* ja */ = {isa = PBXFileReference; lastKnownFileType = text.plist.strings; name = ja; path = ja.lproj/TOCropViewControllerLocalizable.strings; sourceTree = "<group>"; };
		DFF60A9623FFFB4E00B477DE /* fa */ = {isa = PBXFileReference; lastKnownFileType = text.plist.strings; name = fa; path = fa.lproj/TOCropViewControllerLocalizable.strings; sourceTree = "<group>"; };
		DFF60A9723FFFB4E00B477DE /* en */ = {isa = PBXFileReference; lastKnownFileType = text.plist.strings; name = en; path = en.lproj/TOCropViewControllerLocalizable.strings; sourceTree = "<group>"; };
		DFF60A9823FFFB4E00B477DE /* es */ = {isa = PBXFileReference; lastKnownFileType = text.plist.strings; name = es; path = es.lproj/TOCropViewControllerLocalizable.strings; sourceTree = "<group>"; };
		DFF60A9923FFFB4E00B477DE /* it */ = {isa = PBXFileReference; lastKnownFileType = text.plist.strings; name = it; path = it.lproj/TOCropViewControllerLocalizable.strings; sourceTree = "<group>"; };
		DFF60A9A23FFFB4E00B477DE /* ms */ = {isa = PBXFileReference; lastKnownFileType = text.plist.strings; name = ms; path = ms.lproj/TOCropViewControllerLocalizable.strings; sourceTree = "<group>"; };
		DFF60A9B23FFFB4E00B477DE /* ko */ = {isa = PBXFileReference; lastKnownFileType = text.plist.strings; name = ko; path = ko.lproj/TOCropViewControllerLocalizable.strings; sourceTree = "<group>"; };
		DFF60A9C23FFFB4E00B477DE /* Base */ = {isa = PBXFileReference; lastKnownFileType = text.plist.strings; name = Base; path = Base.lproj/TOCropViewControllerLocalizable.strings; sourceTree = "<group>"; };
		DFF60A9D23FFFB4E00B477DE /* zh-Hant */ = {isa = PBXFileReference; lastKnownFileType = text.plist.strings; name = "zh-Hant"; path = "zh-Hant.lproj/TOCropViewControllerLocalizable.strings"; sourceTree = "<group>"; };
		DFF60A9E23FFFB4E00B477DE /* fa-IR */ = {isa = PBXFileReference; lastKnownFileType = text.plist.strings; name = "fa-IR"; path = "fa-IR.lproj/TOCropViewControllerLocalizable.strings"; sourceTree = "<group>"; };
		DFF60A9F23FFFB4E00B477DE /* hu */ = {isa = PBXFileReference; lastKnownFileType = text.plist.strings; name = hu; path = hu.lproj/TOCropViewControllerLocalizable.strings; sourceTree = "<group>"; };
		DFF60AA023FFFB4E00B477DE /* da-DK */ = {isa = PBXFileReference; lastKnownFileType = text.plist.strings; name = "da-DK"; path = "da-DK.lproj/TOCropViewControllerLocalizable.strings"; sourceTree = "<group>"; };
		DFF60AA123FFFB4E00B477DE /* tr */ = {isa = PBXFileReference; lastKnownFileType = text.plist.strings; name = tr; path = tr.lproj/TOCropViewControllerLocalizable.strings; sourceTree = "<group>"; };
		DFF60AA223FFFB4E00B477DE /* pl */ = {isa = PBXFileReference; lastKnownFileType = text.plist.strings; name = pl; path = pl.lproj/TOCropViewControllerLocalizable.strings; sourceTree = "<group>"; };
		DFF60AA323FFFB4E00B477DE /* pt-BR */ = {isa = PBXFileReference; lastKnownFileType = text.plist.strings; name = "pt-BR"; path = "pt-BR.lproj/TOCropViewControllerLocalizable.strings"; sourceTree = "<group>"; };
		DFF60AA423FFFB4E00B477DE /* vi */ = {isa = PBXFileReference; lastKnownFileType = text.plist.strings; name = vi; path = vi.lproj/TOCropViewControllerLocalizable.strings; sourceTree = "<group>"; };
		DFF60AA523FFFB4E00B477DE /* ru */ = {isa = PBXFileReference; lastKnownFileType = text.plist.strings; name = ru; path = ru.lproj/TOCropViewControllerLocalizable.strings; sourceTree = "<group>"; };
		DFF60AA623FFFB4E00B477DE /* fr */ = {isa = PBXFileReference; lastKnownFileType = text.plist.strings; name = fr; path = fr.lproj/TOCropViewControllerLocalizable.strings; sourceTree = "<group>"; };
		DFF60AA723FFFB4E00B477DE /* fi */ = {isa = PBXFileReference; lastKnownFileType = text.plist.strings; name = fi; path = fi.lproj/TOCropViewControllerLocalizable.strings; sourceTree = "<group>"; };
		DFF60AA823FFFB4E00B477DE /* id */ = {isa = PBXFileReference; lastKnownFileType = text.plist.strings; name = id; path = id.lproj/TOCropViewControllerLocalizable.strings; sourceTree = "<group>"; };
		DFF60AA923FFFB4E00B477DE /* nl */ = {isa = PBXFileReference; lastKnownFileType = text.plist.strings; name = nl; path = nl.lproj/TOCropViewControllerLocalizable.strings; sourceTree = "<group>"; };
		DFF60AAA23FFFB4E00B477DE /* pt */ = {isa = PBXFileReference; lastKnownFileType = text.plist.strings; name = pt; path = pt.lproj/TOCropViewControllerLocalizable.strings; sourceTree = "<group>"; };
		DFF60AAB23FFFB4E00B477DE /* ro */ = {isa = PBXFileReference; lastKnownFileType = text.plist.strings; name = ro; path = ro.lproj/TOCropViewControllerLocalizable.strings; sourceTree = "<group>"; };
		DFF60AAD23FFFB4E00B477DE /* TOActivityCroppedImageProvider.m */ = {isa = PBXFileReference; fileEncoding = 4; lastKnownFileType = sourcecode.c.objc; path = TOActivityCroppedImageProvider.m; sourceTree = "<group>"; };
		DFF60AAE23FFFB4E00B477DE /* TOCropViewControllerTransitioning.m */ = {isa = PBXFileReference; fileEncoding = 4; lastKnownFileType = sourcecode.c.objc; path = TOCropViewControllerTransitioning.m; sourceTree = "<group>"; };
		DFF60AAF23FFFB4E00B477DE /* TOCroppedImageAttributes.m */ = {isa = PBXFileReference; fileEncoding = 4; lastKnownFileType = sourcecode.c.objc; path = TOCroppedImageAttributes.m; sourceTree = "<group>"; };
		DFF60AB023FFFB4E00B477DE /* TOActivityCroppedImageProvider.h */ = {isa = PBXFileReference; fileEncoding = 4; lastKnownFileType = sourcecode.c.h; path = TOActivityCroppedImageProvider.h; sourceTree = "<group>"; };
		DFF60AB123FFFB4E00B477DE /* TOCropViewControllerTransitioning.h */ = {isa = PBXFileReference; fileEncoding = 4; lastKnownFileType = sourcecode.c.h; path = TOCropViewControllerTransitioning.h; sourceTree = "<group>"; };
		DFF60AB223FFFB4E00B477DE /* TOCroppedImageAttributes.h */ = {isa = PBXFileReference; fileEncoding = 4; lastKnownFileType = sourcecode.c.h; path = TOCroppedImageAttributes.h; sourceTree = "<group>"; };
		DFF60AB323FFFB4E00B477DE /* TOCropViewController.m */ = {isa = PBXFileReference; fileEncoding = 4; lastKnownFileType = sourcecode.c.objc; path = TOCropViewController.m; sourceTree = "<group>"; };
		DFF60AB523FFFB4E00B477DE /* Info.plist */ = {isa = PBXFileReference; fileEncoding = 4; lastKnownFileType = text.plist.xml; path = Info.plist; sourceTree = "<group>"; };
		DFF60AB723FFFB4E00B477DE /* TOCropView.h */ = {isa = PBXFileReference; fileEncoding = 4; lastKnownFileType = sourcecode.c.h; path = TOCropView.h; sourceTree = "<group>"; };
		DFF60AB823FFFB4E00B477DE /* TOCropOverlayView.h */ = {isa = PBXFileReference; fileEncoding = 4; lastKnownFileType = sourcecode.c.h; path = TOCropOverlayView.h; sourceTree = "<group>"; };
		DFF60AB923FFFB4E00B477DE /* TOCropToolbar.h */ = {isa = PBXFileReference; fileEncoding = 4; lastKnownFileType = sourcecode.c.h; path = TOCropToolbar.h; sourceTree = "<group>"; };
		DFF60ABA23FFFB4E00B477DE /* TOCropScrollView.m */ = {isa = PBXFileReference; fileEncoding = 4; lastKnownFileType = sourcecode.c.objc; path = TOCropScrollView.m; sourceTree = "<group>"; };
		DFF60ABB23FFFB4E00B477DE /* TOCropView.m */ = {isa = PBXFileReference; fileEncoding = 4; lastKnownFileType = sourcecode.c.objc; path = TOCropView.m; sourceTree = "<group>"; };
		DFF60ABC23FFFB4E00B477DE /* TOCropOverlayView.m */ = {isa = PBXFileReference; fileEncoding = 4; lastKnownFileType = sourcecode.c.objc; path = TOCropOverlayView.m; sourceTree = "<group>"; };
		DFF60ABD23FFFB4E00B477DE /* TOCropToolbar.m */ = {isa = PBXFileReference; fileEncoding = 4; lastKnownFileType = sourcecode.c.objc; path = TOCropToolbar.m; sourceTree = "<group>"; };
		DFF60ABE23FFFB4E00B477DE /* TOCropScrollView.h */ = {isa = PBXFileReference; fileEncoding = 4; lastKnownFileType = sourcecode.c.h; path = TOCropScrollView.h; sourceTree = "<group>"; };
		DFF60AC023FFFB4E00B477DE /* UIImage+CropRotate.m */ = {isa = PBXFileReference; fileEncoding = 4; lastKnownFileType = sourcecode.c.objc; path = "UIImage+CropRotate.m"; sourceTree = "<group>"; };
		DFF60AC123FFFB4E00B477DE /* UIImage+CropRotate.h */ = {isa = PBXFileReference; fileEncoding = 4; lastKnownFileType = sourcecode.c.h; path = "UIImage+CropRotate.h"; sourceTree = "<group>"; };
		DFF60AC223FFFB4E00B477DE /* TOCropViewController.h */ = {isa = PBXFileReference; fileEncoding = 4; lastKnownFileType = sourcecode.c.h; path = TOCropViewController.h; sourceTree = "<group>"; };
		ECD36E5312C56C46B2CBA1A5 /* Pods-DemoFbLogin.release.xcconfig */ = {isa = PBXFileReference; includeInIndex = 1; lastKnownFileType = text.xcconfig; name = "Pods-DemoFbLogin.release.xcconfig"; path = "Target Support Files/Pods-DemoFbLogin/Pods-DemoFbLogin.release.xcconfig"; sourceTree = "<group>"; };
/* End PBXFileReference section */

/* Begin PBXFrameworksBuildPhase section */
		DFAF1ADE23D9BCE000CFB984 /* Frameworks */ = {
			isa = PBXFrameworksBuildPhase;
			buildActionMask = 2147483647;
			files = (
				AC08E7FB688604EE058CFDDA /* Pods_DemoFbLogin.framework in Frameworks */,
			);
			runOnlyForDeploymentPostprocessing = 0;
		};
		DFAF1AF423D9BCE100CFB984 /* Frameworks */ = {
			isa = PBXFrameworksBuildPhase;
			buildActionMask = 2147483647;
			files = (
				2B5E94F80AD17118AED38635 /* Pods_DemoFbLoginTests.framework in Frameworks */,
			);
			runOnlyForDeploymentPostprocessing = 0;
		};
		DFAF1AFF23D9BCE100CFB984 /* Frameworks */ = {
			isa = PBXFrameworksBuildPhase;
			buildActionMask = 2147483647;
			files = (
				6B5613BF78A7E12549C4FA42 /* Pods_DemoFbLogin_DemoFbLoginUITests.framework in Frameworks */,
			);
			runOnlyForDeploymentPostprocessing = 0;
		};
/* End PBXFrameworksBuildPhase section */

/* Begin PBXGroup section */
		5745C33A97B83EAE6BDFA050 /* Pods */ = {
			isa = PBXGroup;
			children = (
				47EF2BA1BEFDAC2E19525399 /* Pods-DemoFbLogin.debug.xcconfig */,
				ECD36E5312C56C46B2CBA1A5 /* Pods-DemoFbLogin.release.xcconfig */,
				DED39D4F92C269099E4CD357 /* Pods-DemoFbLogin-DemoFbLoginUITests.debug.xcconfig */,
				2D8E1508FBC4E9708084B43C /* Pods-DemoFbLogin-DemoFbLoginUITests.release.xcconfig */,
				1CF70E003991A89080D3C86D /* Pods-DemoFbLoginTests.debug.xcconfig */,
				B6B68DAD137AD873EA894F1F /* Pods-DemoFbLoginTests.release.xcconfig */,
			);
			path = Pods;
			sourceTree = "<group>";
		};
		C9309CF940BC6E437875D4C7 /* Frameworks */ = {
			isa = PBXGroup;
			children = (
				CE7B7F5B92276100B3CE9DBE /* Pods_DemoFbLogin.framework */,
				022B5653CCBC07E005A23FA5 /* Pods_DemoFbLogin_DemoFbLoginUITests.framework */,
				C04B179B5171A495F6D66D90 /* Pods_DemoFbLoginTests.framework */,
			);
			name = Frameworks;
			sourceTree = "<group>";
		};
		DFAF1AD823D9BCE000CFB984 = {
			isa = PBXGroup;
			children = (
				DFAF1AE323D9BCE000CFB984 /* DemoFbLogin */,
				DFAF1AFA23D9BCE100CFB984 /* DemoFbLoginTests */,
				DFAF1B0523D9BCE100CFB984 /* DemoFbLoginUITests */,
				DFAF1AE223D9BCE000CFB984 /* Products */,
				5745C33A97B83EAE6BDFA050 /* Pods */,
				C9309CF940BC6E437875D4C7 /* Frameworks */,
			);
			sourceTree = "<group>";
		};
		DFAF1AE223D9BCE000CFB984 /* Products */ = {
			isa = PBXGroup;
			children = (
				DFAF1AE123D9BCE000CFB984 /* DemoFbLogin.app */,
				DFAF1AF723D9BCE100CFB984 /* DemoFbLoginTests.xctest */,
				DFAF1B0223D9BCE100CFB984 /* DemoFbLoginUITests.xctest */,
			);
			name = Products;
			sourceTree = "<group>";
		};
		DFAF1AE323D9BCE000CFB984 /* DemoFbLogin */ = {
			isa = PBXGroup;
			children = (
				DFF60A8623FFEFAA00B477DE /* CropViewController */,
				DFAF1AE423D9BCE000CFB984 /* AppDelegate.swift */,
				DFF60A8D23FFFB4E00B477DE /* TOCropViewController */,
				DFAF1AE623D9BCE000CFB984 /* SceneDelegate.swift */,
				DFAF1AE823D9BCE000CFB984 /* ViewController.swift */,
				DF910F4123F592F400144E73 /* RtTblCell.swift */,
				DF910F4223F592F400144E73 /* RtTblCell.xib */,
				DF2E3F9A23E19E500058E2C2 /* RatingControl.swift */,
				DF06AF1B23DF2BF100889140 /* ScanVC.swift */,
				DF80637023F440B200ECFA7B /* MapViewController.swift */,
				DFAF1AEA23D9BCE000CFB984 /* Main.storyboard */,
				DFAF1AED23D9BCE100CFB984 /* Assets.xcassets */,
				DFAF1AEF23D9BCE100CFB984 /* LaunchScreen.storyboard */,
				DFAF1AF223D9BCE100CFB984 /* Info.plist */,
				DFF60A8C23FFF73100B477DE /* DemoFbLogin-Bridging-Header.h */,
			);
			path = DemoFbLogin;
			sourceTree = "<group>";
		};
		DFAF1AFA23D9BCE100CFB984 /* DemoFbLoginTests */ = {
			isa = PBXGroup;
			children = (
				DFAF1AFB23D9BCE100CFB984 /* DemoFbLoginTests.swift */,
				DFAF1AFD23D9BCE100CFB984 /* Info.plist */,
			);
			path = DemoFbLoginTests;
			sourceTree = "<group>";
		};
		DFAF1B0523D9BCE100CFB984 /* DemoFbLoginUITests */ = {
			isa = PBXGroup;
			children = (
				DFAF1B0623D9BCE100CFB984 /* DemoFbLoginUITests.swift */,
				DFAF1B0823D9BCE100CFB984 /* Info.plist */,
			);
			path = DemoFbLoginUITests;
			sourceTree = "<group>";
		};
		DFF60A8623FFEFAA00B477DE /* CropViewController */ = {
			isa = PBXGroup;
			children = (
				DFF60A8723FFEFAA00B477DE /* CropViewController.h */,
				DFF60A8823FFEFAA00B477DE /* CropViewController.swift */,
				DFF60A8923FFEFAA00B477DE /* Info.plist */,
			);
			path = CropViewController;
			sourceTree = "<group>";
		};
		DFF60A8D23FFFB4E00B477DE /* TOCropViewController */ = {
			isa = PBXGroup;
			children = (
				DFF60A8E23FFFB4E00B477DE /* Constants */,
				DFF60A9023FFFB4E00B477DE /* Resources */,
				DFF60AAC23FFFB4E00B477DE /* Models */,
				DFF60AB323FFFB4E00B477DE /* TOCropViewController.m */,
				DFF60AB423FFFB4E00B477DE /* Supporting */,
				DFF60AB623FFFB4E00B477DE /* Views */,
				DFF60ABF23FFFB4E00B477DE /* Categories */,
				DFF60AC223FFFB4E00B477DE /* TOCropViewController.h */,
			);
			path = TOCropViewController;
			sourceTree = "<group>";
		};
		DFF60A8E23FFFB4E00B477DE /* Constants */ = {
			isa = PBXGroup;
			children = (
				DFF60A8F23FFFB4E00B477DE /* TOCropViewConstants.h */,
			);
			path = Constants;
			sourceTree = "<group>";
		};
		DFF60A9023FFFB4E00B477DE /* Resources */ = {
			isa = PBXGroup;
			children = (
				DFF60A9123FFFB4E00B477DE /* TOCropViewControllerLocalizable.strings */,
			);
			path = Resources;
			sourceTree = "<group>";
		};
		DFF60AAC23FFFB4E00B477DE /* Models */ = {
			isa = PBXGroup;
			children = (
				DFF60AAD23FFFB4E00B477DE /* TOActivityCroppedImageProvider.m */,
				DFF60AAE23FFFB4E00B477DE /* TOCropViewControllerTransitioning.m */,
				DFF60AAF23FFFB4E00B477DE /* TOCroppedImageAttributes.m */,
				DFF60AB023FFFB4E00B477DE /* TOActivityCroppedImageProvider.h */,
				DFF60AB123FFFB4E00B477DE /* TOCropViewControllerTransitioning.h */,
				DFF60AB223FFFB4E00B477DE /* TOCroppedImageAttributes.h */,
			);
			path = Models;
			sourceTree = "<group>";
		};
		DFF60AB423FFFB4E00B477DE /* Supporting */ = {
			isa = PBXGroup;
			children = (
				DFF60AB523FFFB4E00B477DE /* Info.plist */,
			);
			path = Supporting;
			sourceTree = "<group>";
		};
		DFF60AB623FFFB4E00B477DE /* Views */ = {
			isa = PBXGroup;
			children = (
				DFF60AB723FFFB4E00B477DE /* TOCropView.h */,
				DFF60AB823FFFB4E00B477DE /* TOCropOverlayView.h */,
				DFF60AB923FFFB4E00B477DE /* TOCropToolbar.h */,
				DFF60ABA23FFFB4E00B477DE /* TOCropScrollView.m */,
				DFF60ABB23FFFB4E00B477DE /* TOCropView.m */,
				DFF60ABC23FFFB4E00B477DE /* TOCropOverlayView.m */,
				DFF60ABD23FFFB4E00B477DE /* TOCropToolbar.m */,
				DFF60ABE23FFFB4E00B477DE /* TOCropScrollView.h */,
			);
			path = Views;
			sourceTree = "<group>";
		};
		DFF60ABF23FFFB4E00B477DE /* Categories */ = {
			isa = PBXGroup;
			children = (
				DFF60AC023FFFB4E00B477DE /* UIImage+CropRotate.m */,
				DFF60AC123FFFB4E00B477DE /* UIImage+CropRotate.h */,
			);
			path = Categories;
			sourceTree = "<group>";
		};
/* End PBXGroup section */

/* Begin PBXNativeTarget section */
		DFAF1AE023D9BCE000CFB984 /* DemoFbLogin */ = {
			isa = PBXNativeTarget;
			buildConfigurationList = DFAF1B0B23D9BCE100CFB984 /* Build configuration list for PBXNativeTarget "DemoFbLogin" */;
			buildPhases = (
				51D7C85753BC68729D224510 /* [CP] Check Pods Manifest.lock */,
				DFAF1ADD23D9BCE000CFB984 /* Sources */,
				DFAF1ADE23D9BCE000CFB984 /* Frameworks */,
				DFAF1ADF23D9BCE000CFB984 /* Resources */,
				9D83CF78C48E5808497F0E75 /* [CP] Embed Pods Frameworks */,
				858A77EF5B0060D573505BB9 /* [CP] Copy Pods Resources */,
			);
			buildRules = (
			);
			dependencies = (
			);
			name = DemoFbLogin;
			productName = DemoFbLogin;
			productReference = DFAF1AE123D9BCE000CFB984 /* DemoFbLogin.app */;
			productType = "com.apple.product-type.application";
		};
		DFAF1AF623D9BCE100CFB984 /* DemoFbLoginTests */ = {
			isa = PBXNativeTarget;
			buildConfigurationList = DFAF1B0E23D9BCE100CFB984 /* Build configuration list for PBXNativeTarget "DemoFbLoginTests" */;
			buildPhases = (
				D93E36002A766CAEE6217ED3 /* [CP] Check Pods Manifest.lock */,
				DFAF1AF323D9BCE100CFB984 /* Sources */,
				DFAF1AF423D9BCE100CFB984 /* Frameworks */,
				DFAF1AF523D9BCE100CFB984 /* Resources */,
			);
			buildRules = (
			);
			dependencies = (
				DFAF1AF923D9BCE100CFB984 /* PBXTargetDependency */,
			);
			name = DemoFbLoginTests;
			productName = DemoFbLoginTests;
			productReference = DFAF1AF723D9BCE100CFB984 /* DemoFbLoginTests.xctest */;
			productType = "com.apple.product-type.bundle.unit-test";
		};
		DFAF1B0123D9BCE100CFB984 /* DemoFbLoginUITests */ = {
			isa = PBXNativeTarget;
			buildConfigurationList = DFAF1B1123D9BCE100CFB984 /* Build configuration list for PBXNativeTarget "DemoFbLoginUITests" */;
			buildPhases = (
				376146D85CCF0A1040548E8D /* [CP] Check Pods Manifest.lock */,
				DFAF1AFE23D9BCE100CFB984 /* Sources */,
				DFAF1AFF23D9BCE100CFB984 /* Frameworks */,
				DFAF1B0023D9BCE100CFB984 /* Resources */,
				B7B571676F583CA4B01540A0 /* [CP] Embed Pods Frameworks */,
				F1FD7EC777A29AA3AD5A5847 /* [CP] Copy Pods Resources */,
			);
			buildRules = (
			);
			dependencies = (
				DFAF1B0423D9BCE100CFB984 /* PBXTargetDependency */,
			);
			name = DemoFbLoginUITests;
			productName = DemoFbLoginUITests;
			productReference = DFAF1B0223D9BCE100CFB984 /* DemoFbLoginUITests.xctest */;
			productType = "com.apple.product-type.bundle.ui-testing";
		};
/* End PBXNativeTarget section */

/* Begin PBXProject section */
		DFAF1AD923D9BCE000CFB984 /* Project object */ = {
			isa = PBXProject;
			attributes = {
				LastSwiftUpdateCheck = 1130;
				LastUpgradeCheck = 1130;
				ORGANIZATIONNAME = Soumen;
				TargetAttributes = {
					DFAF1AE023D9BCE000CFB984 = {
						CreatedOnToolsVersion = 11.3;
					};
					DFAF1AF623D9BCE100CFB984 = {
						CreatedOnToolsVersion = 11.3;
						TestTargetID = DFAF1AE023D9BCE000CFB984;
					};
					DFAF1B0123D9BCE100CFB984 = {
						CreatedOnToolsVersion = 11.3;
						TestTargetID = DFAF1AE023D9BCE000CFB984;
					};
				};
			};
			buildConfigurationList = DFAF1ADC23D9BCE000CFB984 /* Build configuration list for PBXProject "DemoFbLogin" */;
			compatibilityVersion = "Xcode 9.3";
			developmentRegion = en;
			hasScannedForEncodings = 0;
			knownRegions = (
				en,
				Base,
				de,
				ar,
				"zh-Hans",
				ja,
				fa,
				es,
				it,
				ms,
				ko,
				"zh-Hant",
				"fa-IR",
				hu,
				"da-DK",
				tr,
				pl,
				"pt-BR",
				vi,
				ru,
				fr,
				fi,
				id,
				nl,
				pt,
				ro,
			);
			mainGroup = DFAF1AD823D9BCE000CFB984;
			productRefGroup = DFAF1AE223D9BCE000CFB984 /* Products */;
			projectDirPath = "";
			projectRoot = "";
			targets = (
				DFAF1AE023D9BCE000CFB984 /* DemoFbLogin */,
				DFAF1AF623D9BCE100CFB984 /* DemoFbLoginTests */,
				DFAF1B0123D9BCE100CFB984 /* DemoFbLoginUITests */,
			);
		};
/* End PBXProject section */

/* Begin PBXResourcesBuildPhase section */
		DFAF1ADF23D9BCE000CFB984 /* Resources */ = {
			isa = PBXResourcesBuildPhase;
			buildActionMask = 2147483647;
			files = (
				DFAF1AF123D9BCE100CFB984 /* LaunchScreen.storyboard in Resources */,
				DFAF1AEE23D9BCE100CFB984 /* Assets.xcassets in Resources */,
				DF910F4423F592F400144E73 /* RtTblCell.xib in Resources */,
				DFAF1AEC23D9BCE000CFB984 /* Main.storyboard in Resources */,
				DFF60AC323FFFB4F00B477DE /* TOCropViewControllerLocalizable.strings in Resources */,
			);
			runOnlyForDeploymentPostprocessing = 0;
		};
		DFAF1AF523D9BCE100CFB984 /* Resources */ = {
			isa = PBXResourcesBuildPhase;
			buildActionMask = 2147483647;
			files = (
			);
			runOnlyForDeploymentPostprocessing = 0;
		};
		DFAF1B0023D9BCE100CFB984 /* Resources */ = {
			isa = PBXResourcesBuildPhase;
			buildActionMask = 2147483647;
			files = (
			);
			runOnlyForDeploymentPostprocessing = 0;
		};
/* End PBXResourcesBuildPhase section */

/* Begin PBXShellScriptBuildPhase section */
		376146D85CCF0A1040548E8D /* [CP] Check Pods Manifest.lock */ = {
			isa = PBXShellScriptBuildPhase;
			buildActionMask = 2147483647;
			files = (
			);
			inputFileListPaths = (
			);
			inputPaths = (
				"${PODS_PODFILE_DIR_PATH}/Podfile.lock",
				"${PODS_ROOT}/Manifest.lock",
			);
			name = "[CP] Check Pods Manifest.lock";
			outputFileListPaths = (
			);
			outputPaths = (
				"$(DERIVED_FILE_DIR)/Pods-DemoFbLogin-DemoFbLoginUITests-checkManifestLockResult.txt",
			);
			runOnlyForDeploymentPostprocessing = 0;
			shellPath = /bin/sh;
			shellScript = "diff \"${PODS_PODFILE_DIR_PATH}/Podfile.lock\" \"${PODS_ROOT}/Manifest.lock\" > /dev/null\nif [ $? != 0 ] ; then\n    # print error to STDERR\n    echo \"error: The sandbox is not in sync with the Podfile.lock. Run 'pod install' or update your CocoaPods installation.\" >&2\n    exit 1\nfi\n# This output is used by Xcode 'outputs' to avoid re-running this script phase.\necho \"SUCCESS\" > \"${SCRIPT_OUTPUT_FILE_0}\"\n";
			showEnvVarsInLog = 0;
		};
		51D7C85753BC68729D224510 /* [CP] Check Pods Manifest.lock */ = {
			isa = PBXShellScriptBuildPhase;
			buildActionMask = 2147483647;
			files = (
			);
			inputFileListPaths = (
			);
			inputPaths = (
				"${PODS_PODFILE_DIR_PATH}/Podfile.lock",
				"${PODS_ROOT}/Manifest.lock",
			);
			name = "[CP] Check Pods Manifest.lock";
			outputFileListPaths = (
			);
			outputPaths = (
				"$(DERIVED_FILE_DIR)/Pods-DemoFbLogin-checkManifestLockResult.txt",
			);
			runOnlyForDeploymentPostprocessing = 0;
			shellPath = /bin/sh;
			shellScript = "diff \"${PODS_PODFILE_DIR_PATH}/Podfile.lock\" \"${PODS_ROOT}/Manifest.lock\" > /dev/null\nif [ $? != 0 ] ; then\n    # print error to STDERR\n    echo \"error: The sandbox is not in sync with the Podfile.lock. Run 'pod install' or update your CocoaPods installation.\" >&2\n    exit 1\nfi\n# This output is used by Xcode 'outputs' to avoid re-running this script phase.\necho \"SUCCESS\" > \"${SCRIPT_OUTPUT_FILE_0}\"\n";
			showEnvVarsInLog = 0;
		};
		858A77EF5B0060D573505BB9 /* [CP] Copy Pods Resources */ = {
			isa = PBXShellScriptBuildPhase;
			buildActionMask = 2147483647;
			files = (
			);
			inputFileListPaths = (
				"${PODS_ROOT}/Target Support Files/Pods-DemoFbLogin/Pods-DemoFbLogin-resources-${CONFIGURATION}-input-files.xcfilelist",
			);
			name = "[CP] Copy Pods Resources";
			outputFileListPaths = (
				"${PODS_ROOT}/Target Support Files/Pods-DemoFbLogin/Pods-DemoFbLogin-resources-${CONFIGURATION}-output-files.xcfilelist",
			);
			runOnlyForDeploymentPostprocessing = 0;
			shellPath = /bin/sh;
			shellScript = "\"${PODS_ROOT}/Target Support Files/Pods-DemoFbLogin/Pods-DemoFbLogin-resources.sh\"\n";
			showEnvVarsInLog = 0;
		};
		9D83CF78C48E5808497F0E75 /* [CP] Embed Pods Frameworks */ = {
			isa = PBXShellScriptBuildPhase;
			buildActionMask = 2147483647;
			files = (
			);
			inputFileListPaths = (
				"${PODS_ROOT}/Target Support Files/Pods-DemoFbLogin/Pods-DemoFbLogin-frameworks-${CONFIGURATION}-input-files.xcfilelist",
			);
			name = "[CP] Embed Pods Frameworks";
			outputFileListPaths = (
				"${PODS_ROOT}/Target Support Files/Pods-DemoFbLogin/Pods-DemoFbLogin-frameworks-${CONFIGURATION}-output-files.xcfilelist",
			);
			runOnlyForDeploymentPostprocessing = 0;
			shellPath = /bin/sh;
			shellScript = "\"${PODS_ROOT}/Target Support Files/Pods-DemoFbLogin/Pods-DemoFbLogin-frameworks.sh\"\n";
			showEnvVarsInLog = 0;
		};
		B7B571676F583CA4B01540A0 /* [CP] Embed Pods Frameworks */ = {
			isa = PBXShellScriptBuildPhase;
			buildActionMask = 2147483647;
			files = (
			);
			inputFileListPaths = (
				"${PODS_ROOT}/Target Support Files/Pods-DemoFbLogin-DemoFbLoginUITests/Pods-DemoFbLogin-DemoFbLoginUITests-frameworks-${CONFIGURATION}-input-files.xcfilelist",
			);
			name = "[CP] Embed Pods Frameworks";
			outputFileListPaths = (
				"${PODS_ROOT}/Target Support Files/Pods-DemoFbLogin-DemoFbLoginUITests/Pods-DemoFbLogin-DemoFbLoginUITests-frameworks-${CONFIGURATION}-output-files.xcfilelist",
			);
			runOnlyForDeploymentPostprocessing = 0;
			shellPath = /bin/sh;
			shellScript = "\"${PODS_ROOT}/Target Support Files/Pods-DemoFbLogin-DemoFbLoginUITests/Pods-DemoFbLogin-DemoFbLoginUITests-frameworks.sh\"\n";
			showEnvVarsInLog = 0;
		};
		D93E36002A766CAEE6217ED3 /* [CP] Check Pods Manifest.lock */ = {
			isa = PBXShellScriptBuildPhase;
			buildActionMask = 2147483647;
			files = (
			);
			inputFileListPaths = (
			);
			inputPaths = (
				"${PODS_PODFILE_DIR_PATH}/Podfile.lock",
				"${PODS_ROOT}/Manifest.lock",
			);
			name = "[CP] Check Pods Manifest.lock";
			outputFileListPaths = (
			);
			outputPaths = (
				"$(DERIVED_FILE_DIR)/Pods-DemoFbLoginTests-checkManifestLockResult.txt",
			);
			runOnlyForDeploymentPostprocessing = 0;
			shellPath = /bin/sh;
			shellScript = "diff \"${PODS_PODFILE_DIR_PATH}/Podfile.lock\" \"${PODS_ROOT}/Manifest.lock\" > /dev/null\nif [ $? != 0 ] ; then\n    # print error to STDERR\n    echo \"error: The sandbox is not in sync with the Podfile.lock. Run 'pod install' or update your CocoaPods installation.\" >&2\n    exit 1\nfi\n# This output is used by Xcode 'outputs' to avoid re-running this script phase.\necho \"SUCCESS\" > \"${SCRIPT_OUTPUT_FILE_0}\"\n";
			showEnvVarsInLog = 0;
		};
		F1FD7EC777A29AA3AD5A5847 /* [CP] Copy Pods Resources */ = {
			isa = PBXShellScriptBuildPhase;
			buildActionMask = 2147483647;
			files = (
			);
			inputFileListPaths = (
				"${PODS_ROOT}/Target Support Files/Pods-DemoFbLogin-DemoFbLoginUITests/Pods-DemoFbLogin-DemoFbLoginUITests-resources-${CONFIGURATION}-input-files.xcfilelist",
			);
			name = "[CP] Copy Pods Resources";
			outputFileListPaths = (
				"${PODS_ROOT}/Target Support Files/Pods-DemoFbLogin-DemoFbLoginUITests/Pods-DemoFbLogin-DemoFbLoginUITests-resources-${CONFIGURATION}-output-files.xcfilelist",
			);
			runOnlyForDeploymentPostprocessing = 0;
			shellPath = /bin/sh;
			shellScript = "\"${PODS_ROOT}/Target Support Files/Pods-DemoFbLogin-DemoFbLoginUITests/Pods-DemoFbLogin-DemoFbLoginUITests-resources.sh\"\n";
			showEnvVarsInLog = 0;
		};
/* End PBXShellScriptBuildPhase section */

/* Begin PBXSourcesBuildPhase section */
		DFAF1ADD23D9BCE000CFB984 /* Sources */ = {
			isa = PBXSourcesBuildPhase;
			buildActionMask = 2147483647;
			files = (
				DF910F4323F592F400144E73 /* RtTblCell.swift in Sources */,
				DFF60AC923FFFB4F00B477DE /* TOCropScrollView.m in Sources */,
				DFAF1AE923D9BCE000CFB984 /* ViewController.swift in Sources */,
				DFF60ACA23FFFB4F00B477DE /* TOCropView.m in Sources */,
				DFF60ACC23FFFB4F00B477DE /* TOCropToolbar.m in Sources */,
				DF80637123F440B200ECFA7B /* MapViewController.swift in Sources */,
				DFF60AC523FFFB4F00B477DE /* TOCropViewControllerTransitioning.m in Sources */,
				DFF60AC423FFFB4F00B477DE /* TOActivityCroppedImageProvider.m in Sources */,
				DF06AF1C23DF2BF100889140 /* ScanVC.swift in Sources */,
				DFF60ACB23FFFB4F00B477DE /* TOCropOverlayView.m in Sources */,
				DFF60AC623FFFB4F00B477DE /* TOCroppedImageAttributes.m in Sources */,
				DFAF1AE523D9BCE000CFB984 /* AppDelegate.swift in Sources */,
				DF2E3F9B23E19E500058E2C2 /* RatingControl.swift in Sources */,
				DFF60A8A23FFEFAA00B477DE /* CropViewController.swift in Sources */,
				DFAF1AE723D9BCE000CFB984 /* SceneDelegate.swift in Sources */,
				DFF60AC723FFFB4F00B477DE /* TOCropViewController.m in Sources */,
				DFF60ACD23FFFB4F00B477DE /* UIImage+CropRotate.m in Sources */,
			);
			runOnlyForDeploymentPostprocessing = 0;
		};
		DFAF1AF323D9BCE100CFB984 /* Sources */ = {
			isa = PBXSourcesBuildPhase;
			buildActionMask = 2147483647;
			files = (
				DFAF1AFC23D9BCE100CFB984 /* DemoFbLoginTests.swift in Sources */,
			);
			runOnlyForDeploymentPostprocessing = 0;
		};
		DFAF1AFE23D9BCE100CFB984 /* Sources */ = {
			isa = PBXSourcesBuildPhase;
			buildActionMask = 2147483647;
			files = (
				DFAF1B0723D9BCE100CFB984 /* DemoFbLoginUITests.swift in Sources */,
			);
			runOnlyForDeploymentPostprocessing = 0;
		};
/* End PBXSourcesBuildPhase section */

/* Begin PBXTargetDependency section */
		DFAF1AF923D9BCE100CFB984 /* PBXTargetDependency */ = {
			isa = PBXTargetDependency;
			target = DFAF1AE023D9BCE000CFB984 /* DemoFbLogin */;
			targetProxy = DFAF1AF823D9BCE100CFB984 /* PBXContainerItemProxy */;
		};
		DFAF1B0423D9BCE100CFB984 /* PBXTargetDependency */ = {
			isa = PBXTargetDependency;
			target = DFAF1AE023D9BCE000CFB984 /* DemoFbLogin */;
			targetProxy = DFAF1B0323D9BCE100CFB984 /* PBXContainerItemProxy */;
		};
/* End PBXTargetDependency section */

/* Begin PBXVariantGroup section */
		DFAF1AEA23D9BCE000CFB984 /* Main.storyboard */ = {
			isa = PBXVariantGroup;
			children = (
				DFAF1AEB23D9BCE000CFB984 /* Base */,
			);
			name = Main.storyboard;
			sourceTree = "<group>";
		};
		DFAF1AEF23D9BCE100CFB984 /* LaunchScreen.storyboard */ = {
			isa = PBXVariantGroup;
			children = (
				DFAF1AF023D9BCE100CFB984 /* Base */,
			);
			name = LaunchScreen.storyboard;
			sourceTree = "<group>";
		};
		DFF60A9123FFFB4E00B477DE /* TOCropViewControllerLocalizable.strings */ = {
			isa = PBXVariantGroup;
			children = (
				DFF60A9223FFFB4E00B477DE /* de */,
				DFF60A9323FFFB4E00B477DE /* ar */,
				DFF60A9423FFFB4E00B477DE /* zh-Hans */,
				DFF60A9523FFFB4E00B477DE /* ja */,
				DFF60A9623FFFB4E00B477DE /* fa */,
				DFF60A9723FFFB4E00B477DE /* en */,
				DFF60A9823FFFB4E00B477DE /* es */,
				DFF60A9923FFFB4E00B477DE /* it */,
				DFF60A9A23FFFB4E00B477DE /* ms */,
				DFF60A9B23FFFB4E00B477DE /* ko */,
				DFF60A9C23FFFB4E00B477DE /* Base */,
				DFF60A9D23FFFB4E00B477DE /* zh-Hant */,
				DFF60A9E23FFFB4E00B477DE /* fa-IR */,
				DFF60A9F23FFFB4E00B477DE /* hu */,
				DFF60AA023FFFB4E00B477DE /* da-DK */,
				DFF60AA123FFFB4E00B477DE /* tr */,
				DFF60AA223FFFB4E00B477DE /* pl */,
				DFF60AA323FFFB4E00B477DE /* pt-BR */,
				DFF60AA423FFFB4E00B477DE /* vi */,
				DFF60AA523FFFB4E00B477DE /* ru */,
				DFF60AA623FFFB4E00B477DE /* fr */,
				DFF60AA723FFFB4E00B477DE /* fi */,
				DFF60AA823FFFB4E00B477DE /* id */,
				DFF60AA923FFFB4E00B477DE /* nl */,
				DFF60AAA23FFFB4E00B477DE /* pt */,
				DFF60AAB23FFFB4E00B477DE /* ro */,
			);
			name = TOCropViewControllerLocalizable.strings;
			sourceTree = "<group>";
		};
/* End PBXVariantGroup section */

/* Begin XCBuildConfiguration section */
		DFAF1B0923D9BCE100CFB984 /* Debug */ = {
			isa = XCBuildConfiguration;
			buildSettings = {
				ALWAYS_SEARCH_USER_PATHS = NO;
				CLANG_ANALYZER_NONNULL = YES;
				CLANG_ANALYZER_NUMBER_OBJECT_CONVERSION = YES_AGGRESSIVE;
				CLANG_CXX_LANGUAGE_STANDARD = "gnu++14";
				CLANG_CXX_LIBRARY = "libc++";
				CLANG_ENABLE_MODULES = YES;
				CLANG_ENABLE_OBJC_ARC = YES;
				CLANG_ENABLE_OBJC_WEAK = YES;
				CLANG_WARN_BLOCK_CAPTURE_AUTORELEASING = YES;
				CLANG_WARN_BOOL_CONVERSION = YES;
				CLANG_WARN_COMMA = YES;
				CLANG_WARN_CONSTANT_CONVERSION = YES;
				CLANG_WARN_DEPRECATED_OBJC_IMPLEMENTATIONS = YES;
				CLANG_WARN_DIRECT_OBJC_ISA_USAGE = YES_ERROR;
				CLANG_WARN_DOCUMENTATION_COMMENTS = YES;
				CLANG_WARN_EMPTY_BODY = YES;
				CLANG_WARN_ENUM_CONVERSION = YES;
				CLANG_WARN_INFINITE_RECURSION = YES;
				CLANG_WARN_INT_CONVERSION = YES;
				CLANG_WARN_NON_LITERAL_NULL_CONVERSION = YES;
				CLANG_WARN_OBJC_IMPLICIT_RETAIN_SELF = YES;
				CLANG_WARN_OBJC_LITERAL_CONVERSION = YES;
				CLANG_WARN_OBJC_ROOT_CLASS = YES_ERROR;
				CLANG_WARN_RANGE_LOOP_ANALYSIS = YES;
				CLANG_WARN_STRICT_PROTOTYPES = YES;
				CLANG_WARN_SUSPICIOUS_MOVE = YES;
				CLANG_WARN_UNGUARDED_AVAILABILITY = YES_AGGRESSIVE;
				CLANG_WARN_UNREACHABLE_CODE = YES;
				CLANG_WARN__DUPLICATE_METHOD_MATCH = YES;
				COPY_PHASE_STRIP = NO;
				DEBUG_INFORMATION_FORMAT = dwarf;
				ENABLE_STRICT_OBJC_MSGSEND = YES;
				ENABLE_TESTABILITY = YES;
				GCC_C_LANGUAGE_STANDARD = gnu11;
				GCC_DYNAMIC_NO_PIC = NO;
				GCC_NO_COMMON_BLOCKS = YES;
				GCC_OPTIMIZATION_LEVEL = 0;
				GCC_PREPROCESSOR_DEFINITIONS = (
					"DEBUG=1",
					"$(inherited)",
				);
				GCC_WARN_64_TO_32_BIT_CONVERSION = YES;
				GCC_WARN_ABOUT_RETURN_TYPE = YES_ERROR;
				GCC_WARN_UNDECLARED_SELECTOR = YES;
				GCC_WARN_UNINITIALIZED_AUTOS = YES_AGGRESSIVE;
				GCC_WARN_UNUSED_FUNCTION = YES;
				GCC_WARN_UNUSED_VARIABLE = YES;
				IPHONEOS_DEPLOYMENT_TARGET = 13.2;
				MTL_ENABLE_DEBUG_INFO = INCLUDE_SOURCE;
				MTL_FAST_MATH = YES;
				ONLY_ACTIVE_ARCH = YES;
				SDKROOT = iphoneos;
				SWIFT_ACTIVE_COMPILATION_CONDITIONS = DEBUG;
				SWIFT_OBJC_BRIDGING_HEADER = "";
				SWIFT_OPTIMIZATION_LEVEL = "-Onone";
			};
			name = Debug;
		};
		DFAF1B0A23D9BCE100CFB984 /* Release */ = {
			isa = XCBuildConfiguration;
			buildSettings = {
				ALWAYS_SEARCH_USER_PATHS = NO;
				CLANG_ANALYZER_NONNULL = YES;
				CLANG_ANALYZER_NUMBER_OBJECT_CONVERSION = YES_AGGRESSIVE;
				CLANG_CXX_LANGUAGE_STANDARD = "gnu++14";
				CLANG_CXX_LIBRARY = "libc++";
				CLANG_ENABLE_MODULES = YES;
				CLANG_ENABLE_OBJC_ARC = YES;
				CLANG_ENABLE_OBJC_WEAK = YES;
				CLANG_WARN_BLOCK_CAPTURE_AUTORELEASING = YES;
				CLANG_WARN_BOOL_CONVERSION = YES;
				CLANG_WARN_COMMA = YES;
				CLANG_WARN_CONSTANT_CONVERSION = YES;
				CLANG_WARN_DEPRECATED_OBJC_IMPLEMENTATIONS = YES;
				CLANG_WARN_DIRECT_OBJC_ISA_USAGE = YES_ERROR;
				CLANG_WARN_DOCUMENTATION_COMMENTS = YES;
				CLANG_WARN_EMPTY_BODY = YES;
				CLANG_WARN_ENUM_CONVERSION = YES;
				CLANG_WARN_INFINITE_RECURSION = YES;
				CLANG_WARN_INT_CONVERSION = YES;
				CLANG_WARN_NON_LITERAL_NULL_CONVERSION = YES;
				CLANG_WARN_OBJC_IMPLICIT_RETAIN_SELF = YES;
				CLANG_WARN_OBJC_LITERAL_CONVERSION = YES;
				CLANG_WARN_OBJC_ROOT_CLASS = YES_ERROR;
				CLANG_WARN_RANGE_LOOP_ANALYSIS = YES;
				CLANG_WARN_STRICT_PROTOTYPES = YES;
				CLANG_WARN_SUSPICIOUS_MOVE = YES;
				CLANG_WARN_UNGUARDED_AVAILABILITY = YES_AGGRESSIVE;
				CLANG_WARN_UNREACHABLE_CODE = YES;
				CLANG_WARN__DUPLICATE_METHOD_MATCH = YES;
				COPY_PHASE_STRIP = NO;
				DEBUG_INFORMATION_FORMAT = "dwarf-with-dsym";
				ENABLE_NS_ASSERTIONS = NO;
				ENABLE_STRICT_OBJC_MSGSEND = YES;
				GCC_C_LANGUAGE_STANDARD = gnu11;
				GCC_NO_COMMON_BLOCKS = YES;
				GCC_WARN_64_TO_32_BIT_CONVERSION = YES;
				GCC_WARN_ABOUT_RETURN_TYPE = YES_ERROR;
				GCC_WARN_UNDECLARED_SELECTOR = YES;
				GCC_WARN_UNINITIALIZED_AUTOS = YES_AGGRESSIVE;
				GCC_WARN_UNUSED_FUNCTION = YES;
				GCC_WARN_UNUSED_VARIABLE = YES;
				IPHONEOS_DEPLOYMENT_TARGET = 13.2;
				MTL_ENABLE_DEBUG_INFO = NO;
				MTL_FAST_MATH = YES;
				SDKROOT = iphoneos;
				SWIFT_COMPILATION_MODE = wholemodule;
				SWIFT_OBJC_BRIDGING_HEADER = "";
				SWIFT_OPTIMIZATION_LEVEL = "-O";
				VALIDATE_PRODUCT = YES;
			};
			name = Release;
		};
		DFAF1B0C23D9BCE100CFB984 /* Debug */ = {
			isa = XCBuildConfiguration;
			baseConfigurationReference = 47EF2BA1BEFDAC2E19525399 /* Pods-DemoFbLogin.debug.xcconfig */;
			buildSettings = {
				ASSETCATALOG_COMPILER_APPICON_NAME = AppIcon;
				CODE_SIGN_IDENTITY = "iPhone Developer";
				CODE_SIGN_STYLE = Manual;
				DEVELOPMENT_TEAM = YEHR73QY26;
				INFOPLIST_FILE = DemoFbLogin/Info.plist;
				LD_RUNPATH_SEARCH_PATHS = (
					"$(inherited)",
					"@executable_path/Frameworks",
				);
				PRODUCT_BUNDLE_IDENTIFIER = com.foodjets.food;
				PRODUCT_NAME = "$(TARGET_NAME)";
				PROVISIONING_PROFILE_SPECIFIER = FoodjetsDev03Oct19;
				SWIFT_OBJC_BRIDGING_HEADER = "$(PROJECT_DIR)/$(PROJECT_NAME)/DemoFbLogin-Bridging-Header.h";
				SWIFT_VERSION = 5.0;
				TARGETED_DEVICE_FAMILY = "1,2";
			};
			name = Debug;
		};
		DFAF1B0D23D9BCE100CFB984 /* Release */ = {
			isa = XCBuildConfiguration;
			baseConfigurationReference = ECD36E5312C56C46B2CBA1A5 /* Pods-DemoFbLogin.release.xcconfig */;
			buildSettings = {
				ASSETCATALOG_COMPILER_APPICON_NAME = AppIcon;
				CODE_SIGN_IDENTITY = "iPhone Developer";
				CODE_SIGN_STYLE = Manual;
				DEVELOPMENT_TEAM = YEHR73QY26;
				INFOPLIST_FILE = DemoFbLogin/Info.plist;
				LD_RUNPATH_SEARCH_PATHS = (
					"$(inherited)",
					"@executable_path/Frameworks",
				);
				PRODUCT_BUNDLE_IDENTIFIER = com.foodjets.food;
				PRODUCT_NAME = "$(TARGET_NAME)";
				PROVISIONING_PROFILE_SPECIFIER = FoodjetsDev03Oct19;
				SWIFT_OBJC_BRIDGING_HEADER = "$(PROJECT_DIR)/$(PROJECT_NAME)/DemoFbLogin-Bridging-Header.h";
				SWIFT_VERSION = 5.0;
				TARGETED_DEVICE_FAMILY = "1,2";
			};
			name = Release;
		};
		DFAF1B0F23D9BCE100CFB984 /* Debug */ = {
			isa = XCBuildConfiguration;
			baseConfigurationReference = 1CF70E003991A89080D3C86D /* Pods-DemoFbLoginTests.debug.xcconfig */;
			buildSettings = {
				ALWAYS_EMBED_SWIFT_STANDARD_LIBRARIES = YES;
				BUNDLE_LOADER = "$(TEST_HOST)";
				CODE_SIGN_IDENTITY = "iPhone Developer";
				"CODE_SIGN_IDENTITY[sdk=macosx*]" = "-";
				CODE_SIGN_STYLE = Manual;
				DEVELOPMENT_TEAM = YEHR73QY26;
				INFOPLIST_FILE = DemoFbLoginTests/Info.plist;
				IPHONEOS_DEPLOYMENT_TARGET = 13.2;
				LD_RUNPATH_SEARCH_PATHS = (
					"$(inherited)",
					"@executable_path/Frameworks",
					"@loader_path/Frameworks",
				);
				PRODUCT_BUNDLE_IDENTIFIER = com.rsahu.DemoFbLoginTests;
				PRODUCT_NAME = "$(TARGET_NAME)";
				PROVISIONING_PROFILE_SPECIFIER = "";
				"PROVISIONING_PROFILE_SPECIFIER[sdk=macosx*]" = "";
				SWIFT_OBJC_BRIDGING_HEADER = "";
				SWIFT_VERSION = 5.0;
				TARGETED_DEVICE_FAMILY = "1,2";
				TEST_HOST = "$(BUILT_PRODUCTS_DIR)/DemoFbLogin.app/DemoFbLogin";
			};
			name = Debug;
		};
		DFAF1B1023D9BCE100CFB984 /* Release */ = {
			isa = XCBuildConfiguration;
			baseConfigurationReference = B6B68DAD137AD873EA894F1F /* Pods-DemoFbLoginTests.release.xcconfig */;
			buildSettings = {
				ALWAYS_EMBED_SWIFT_STANDARD_LIBRARIES = YES;
				BUNDLE_LOADER = "$(TEST_HOST)";
				CODE_SIGN_IDENTITY = "iPhone Developer";
				"CODE_SIGN_IDENTITY[sdk=macosx*]" = "-";
				CODE_SIGN_STYLE = Manual;
				DEVELOPMENT_TEAM = YEHR73QY26;
				INFOPLIST_FILE = DemoFbLoginTests/Info.plist;
				IPHONEOS_DEPLOYMENT_TARGET = 13.2;
				LD_RUNPATH_SEARCH_PATHS = (
					"$(inherited)",
					"@executable_path/Frameworks",
					"@loader_path/Frameworks",
				);
				PRODUCT_BUNDLE_IDENTIFIER = com.rsahu.DemoFbLoginTests;
				PRODUCT_NAME = "$(TARGET_NAME)";
				PROVISIONING_PROFILE_SPECIFIER = "";
				"PROVISIONING_PROFILE_SPECIFIER[sdk=macosx*]" = "";
				SWIFT_OBJC_BRIDGING_HEADER = "";
				SWIFT_VERSION = 5.0;
				TARGETED_DEVICE_FAMILY = "1,2";
				TEST_HOST = "$(BUILT_PRODUCTS_DIR)/DemoFbLogin.app/DemoFbLogin";
			};
			name = Release;
		};
		DFAF1B1223D9BCE100CFB984 /* Debug */ = {
			isa = XCBuildConfiguration;
			baseConfigurationReference = DED39D4F92C269099E4CD357 /* Pods-DemoFbLogin-DemoFbLoginUITests.debug.xcconfig */;
			buildSettings = {
				ALWAYS_EMBED_SWIFT_STANDARD_LIBRARIES = YES;
				CODE_SIGN_STYLE = Manual;
				DEVELOPMENT_TEAM = "";
				INFOPLIST_FILE = DemoFbLoginUITests/Info.plist;
				LD_RUNPATH_SEARCH_PATHS = (
					"$(inherited)",
					"@executable_path/Frameworks",
					"@loader_path/Frameworks",
				);
				PRODUCT_BUNDLE_IDENTIFIER = com.rsahu.DemoFbLoginUITests;
				PRODUCT_NAME = "$(TARGET_NAME)";
				PROVISIONING_PROFILE_SPECIFIER = "";
				"PROVISIONING_PROFILE_SPECIFIER[sdk=macosx*]" = "";
				SWIFT_OBJC_BRIDGING_HEADER = "";
				SWIFT_VERSION = 5.0;
				TARGETED_DEVICE_FAMILY = "1,2";
				TEST_TARGET_NAME = DemoFbLogin;
			};
			name = Debug;
		};
		DFAF1B1323D9BCE100CFB984 /* Release */ = {
			isa = XCBuildConfiguration;
			baseConfigurationReference = 2D8E1508FBC4E9708084B43C /* Pods-DemoFbLogin-DemoFbLoginUITests.release.xcconfig */;
			buildSettings = {
				ALWAYS_EMBED_SWIFT_STANDARD_LIBRARIES = YES;
				CODE_SIGN_STYLE = Manual;
				DEVELOPMENT_TEAM = "";
				INFOPLIST_FILE = DemoFbLoginUITests/Info.plist;
				LD_RUNPATH_SEARCH_PATHS = (
					"$(inherited)",
					"@executable_path/Frameworks",
					"@loader_path/Frameworks",
				);
				PRODUCT_BUNDLE_IDENTIFIER = com.rsahu.DemoFbLoginUITests;
				PRODUCT_NAME = "$(TARGET_NAME)";
				PROVISIONING_PROFILE_SPECIFIER = "";
				"PROVISIONING_PROFILE_SPECIFIER[sdk=macosx*]" = "";
				SWIFT_OBJC_BRIDGING_HEADER = "";
				SWIFT_VERSION = 5.0;
				TARGETED_DEVICE_FAMILY = "1,2";
				TEST_TARGET_NAME = DemoFbLogin;
			};
			name = Release;
		};
/* End XCBuildConfiguration section */

/* Begin XCConfigurationList section */
		DFAF1ADC23D9BCE000CFB984 /* Build configuration list for PBXProject "DemoFbLogin" */ = {
			isa = XCConfigurationList;
			buildConfigurations = (
				DFAF1B0923D9BCE100CFB984 /* Debug */,
				DFAF1B0A23D9BCE100CFB984 /* Release */,
			);
			defaultConfigurationIsVisible = 0;
			defaultConfigurationName = Release;
		};
		DFAF1B0B23D9BCE100CFB984 /* Build configuration list for PBXNativeTarget "DemoFbLogin" */ = {
			isa = XCConfigurationList;
			buildConfigurations = (
				DFAF1B0C23D9BCE100CFB984 /* Debug */,
				DFAF1B0D23D9BCE100CFB984 /* Release */,
			);
			defaultConfigurationIsVisible = 0;
			defaultConfigurationName = Release;
		};
		DFAF1B0E23D9BCE100CFB984 /* Build configuration list for PBXNativeTarget "DemoFbLoginTests" */ = {
			isa = XCConfigurationList;
			buildConfigurations = (
				DFAF1B0F23D9BCE100CFB984 /* Debug */,
				DFAF1B1023D9BCE100CFB984 /* Release */,
			);
			defaultConfigurationIsVisible = 0;
			defaultConfigurationName = Release;
		};
		DFAF1B1123D9BCE100CFB984 /* Build configuration list for PBXNativeTarget "DemoFbLoginUITests" */ = {
			isa = XCConfigurationList;
			buildConfigurations = (
				DFAF1B1223D9BCE100CFB984 /* Debug */,
				DFAF1B1323D9BCE100CFB984 /* Release */,
			);
			defaultConfigurationIsVisible = 0;
			defaultConfigurationName = Release;
		};
/* End XCConfigurationList section */
	};
	rootObject = DFAF1AD923D9BCE000CFB984 /* Project object */;
}
